// !$*UTF8*$!
{
	archiveVersion = 1;
	classes = {
	};
	objectVersion = 50;
	objects = {

/* Begin PBXBuildFile section */
		E14DB5ED2482D5AE004D9E1B /* AppDelegate.swift in Sources */ = {isa = PBXBuildFile; fileRef = E14DB5EC2482D5AE004D9E1B /* AppDelegate.swift */; };
		E14DB5EF2482D5AE004D9E1B /* SceneDelegate.swift in Sources */ = {isa = PBXBuildFile; fileRef = E14DB5EE2482D5AE004D9E1B /* SceneDelegate.swift */; };
		E14DB5F12482D5AE004D9E1B /* ViewController.swift in Sources */ = {isa = PBXBuildFile; fileRef = E14DB5F02482D5AE004D9E1B /* ViewController.swift */; };
		E14DB5F42482D5AE004D9E1B /* Main.storyboard in Resources */ = {isa = PBXBuildFile; fileRef = E14DB5F22482D5AE004D9E1B /* Main.storyboard */; };
		E14DB5F62482D5AF004D9E1B /* Assets.xcassets in Resources */ = {isa = PBXBuildFile; fileRef = E14DB5F52482D5AF004D9E1B /* Assets.xcassets */; };
		E14DB5F92482D5AF004D9E1B /* LaunchScreen.storyboard in Resources */ = {isa = PBXBuildFile; fileRef = E14DB5F72482D5AF004D9E1B /* LaunchScreen.storyboard */; };
		E14DB6042482D5AF004D9E1B /* gps1Tests.swift in Sources */ = {isa = PBXBuildFile; fileRef = E14DB6032482D5AF004D9E1B /* gps1Tests.swift */; };
		E14DB60F2482D5B0004D9E1B /* gps1UITests.swift in Sources */ = {isa = PBXBuildFile; fileRef = E14DB60E2482D5B0004D9E1B /* gps1UITests.swift */; };
		E14DB61E2482D5FF004D9E1B /* CoreLocation.framework in Frameworks */ = {isa = PBXBuildFile; fileRef = E14DB61D2482D5FF004D9E1B /* CoreLocation.framework */; };
/* End PBXBuildFile section */

/* Begin PBXContainerItemProxy section */
		E14DB6002482D5AF004D9E1B /* PBXContainerItemProxy */ = {
			isa = PBXContainerItemProxy;
			containerPortal = E14DB5E12482D5AE004D9E1B /* Project object */;
			proxyType = 1;
			remoteGlobalIDString = E14DB5E82482D5AE004D9E1B;
			remoteInfo = gps1;
		};
		E14DB60B2482D5B0004D9E1B /* PBXContainerItemProxy */ = {
			isa = PBXContainerItemProxy;
			containerPortal = E14DB5E12482D5AE004D9E1B /* Project object */;
			proxyType = 1;
			remoteGlobalIDString = E14DB5E82482D5AE004D9E1B;
			remoteInfo = gps1;
		};
/* End PBXContainerItemProxy section */

/* Begin PBXFileReference section */
		E14DB5E92482D5AE004D9E1B /* gps1.app */ = {isa = PBXFileReference; explicitFileType = wrapper.application; includeInIndex = 0; path = gps1.app; sourceTree = BUILT_PRODUCTS_DIR; };
		E14DB5EC2482D5AE004D9E1B /* AppDelegate.swift */ = {isa = PBXFileReference; lastKnownFileType = sourcecode.swift; path = AppDelegate.swift; sourceTree = "<group>"; };
		E14DB5EE2482D5AE004D9E1B /* SceneDelegate.swift */ = {isa = PBXFileReference; lastKnownFileType = sourcecode.swift; path = SceneDelegate.swift; sourceTree = "<group>"; };
		E14DB5F02482D5AE004D9E1B /* ViewController.swift */ = {isa = PBXFileReference; lastKnownFileType = sourcecode.swift; path = ViewController.swift; sourceTree = "<group>"; };
		E14DB5F32482D5AE004D9E1B /* Base */ = {isa = PBXFileReference; lastKnownFileType = file.storyboard; name = Base; path = Base.lproj/Main.storyboard; sourceTree = "<group>"; };
		E14DB5F52482D5AF004D9E1B /* Assets.xcassets */ = {isa = PBXFileReference; lastKnownFileType = folder.assetcatalog; path = Assets.xcassets; sourceTree = "<group>"; };
		E14DB5F82482D5AF004D9E1B /* Base */ = {isa = PBXFileReference; lastKnownFileType = file.storyboard; name = Base; path = Base.lproj/LaunchScreen.storyboard; sourceTree = "<group>"; };
		E14DB5FA2482D5AF004D9E1B /* Info.plist */ = {isa = PBXFileReference; lastKnownFileType = text.plist.xml; path = Info.plist; sourceTree = "<group>"; };
		E14DB5FF2482D5AF004D9E1B /* gps1Tests.xctest */ = {isa = PBXFileReference; explicitFileType = wrapper.cfbundle; includeInIndex = 0; path = gps1Tests.xctest; sourceTree = BUILT_PRODUCTS_DIR; };
		E14DB6032482D5AF004D9E1B /* gps1Tests.swift */ = {isa = PBXFileReference; lastKnownFileType = sourcecode.swift; path = gps1Tests.swift; sourceTree = "<group>"; };
		E14DB6052482D5AF004D9E1B /* Info.plist */ = {isa = PBXFileReference; lastKnownFileType = text.plist.xml; path = Info.plist; sourceTree = "<group>"; };
		E14DB60A2482D5B0004D9E1B /* gps1UITests.xctest */ = {isa = PBXFileReference; explicitFileType = wrapper.cfbundle; includeInIndex = 0; path = gps1UITests.xctest; sourceTree = BUILT_PRODUCTS_DIR; };
		E14DB60E2482D5B0004D9E1B /* gps1UITests.swift */ = {isa = PBXFileReference; lastKnownFileType = sourcecode.swift; path = gps1UITests.swift; sourceTree = "<group>"; };
		E14DB6102482D5B0004D9E1B /* Info.plist */ = {isa = PBXFileReference; lastKnownFileType = text.plist.xml; path = Info.plist; sourceTree = "<group>"; };
		E14DB61D2482D5FF004D9E1B /* CoreLocation.framework */ = {isa = PBXFileReference; lastKnownFileType = wrapper.framework; name = CoreLocation.framework; path = System/Library/Frameworks/CoreLocation.framework; sourceTree = SDKROOT; };
/* End PBXFileReference section */

/* Begin PBXFrameworksBuildPhase section */
		E14DB5E62482D5AE004D9E1B /* Frameworks */ = {
			isa = PBXFrameworksBuildPhase;
			buildActionMask = 2147483647;
			files = (
				E14DB61E2482D5FF004D9E1B /* CoreLocation.framework in Frameworks */,
			);
			runOnlyForDeploymentPostprocessing = 0;
		};
		E14DB5FC2482D5AF004D9E1B /* Frameworks */ = {
			isa = PBXFrameworksBuildPhase;
			buildActionMask = 2147483647;
			files = (
			);
			runOnlyForDeploymentPostprocessing = 0;
		};
		E14DB6072482D5B0004D9E1B /* Frameworks */ = {
			isa = PBXFrameworksBuildPhase;
			buildActionMask = 2147483647;
			files = (
			);
			runOnlyForDeploymentPostprocessing = 0;
		};
/* End PBXFrameworksBuildPhase section */

/* Begin PBXGroup section */
		E14DB5E02482D5AE004D9E1B = {
			isa = PBXGroup;
			children = (
				E14DB5EB2482D5AE004D9E1B /* gps1 */,
				E14DB6022482D5AF004D9E1B /* gps1Tests */,
				E14DB60D2482D5B0004D9E1B /* gps1UITests */,
				E14DB5EA2482D5AE004D9E1B /* Products */,
				E14DB61C2482D5FF004D9E1B /* Frameworks */,
			);
			sourceTree = "<group>";
		};
		E14DB5EA2482D5AE004D9E1B /* Products */ = {
			isa = PBXGroup;
			children = (
				E14DB5E92482D5AE004D9E1B /* gps1.app */,
				E14DB5FF2482D5AF004D9E1B /* gps1Tests.xctest */,
				E14DB60A2482D5B0004D9E1B /* gps1UITests.xctest */,
			);
			name = Products;
			sourceTree = "<group>";
		};
		E14DB5EB2482D5AE004D9E1B /* gps1 */ = {
			isa = PBXGroup;
			children = (
				E14DB5EC2482D5AE004D9E1B /* AppDelegate.swift */,
				E14DB5EE2482D5AE004D9E1B /* SceneDelegate.swift */,
				E14DB5F02482D5AE004D9E1B /* ViewController.swift */,
				E14DB5F22482D5AE004D9E1B /* Main.storyboard */,
				E14DB5F52482D5AF004D9E1B /* Assets.xcassets */,
				E14DB5F72482D5AF004D9E1B /* LaunchScreen.storyboard */,
				E14DB5FA2482D5AF004D9E1B /* Info.plist */,
			);
			path = gps1;
			sourceTree = "<group>";
		};
		E14DB6022482D5AF004D9E1B /* gps1Tests */ = {
			isa = PBXGroup;
			children = (
				E14DB6032482D5AF004D9E1B /* gps1Tests.swift */,
				E14DB6052482D5AF004D9E1B /* Info.plist */,
			);
			path = gps1Tests;
			sourceTree = "<group>";
		};
		E14DB60D2482D5B0004D9E1B /* gps1UITests */ = {
			isa = PBXGroup;
			children = (
				E14DB60E2482D5B0004D9E1B /* gps1UITests.swift */,
				E14DB6102482D5B0004D9E1B /* Info.plist */,
			);
			path = gps1UITests;
			sourceTree = "<group>";
		};
		E14DB61C2482D5FF004D9E1B /* Frameworks */ = {
			isa = PBXGroup;
			children = (
				E14DB61D2482D5FF004D9E1B /* CoreLocation.framework */,
			);
			name = Frameworks;
			sourceTree = "<group>";
		};
/* End PBXGroup section */

/* Begin PBXNativeTarget section */
		E14DB5E82482D5AE004D9E1B /* gps1 */ = {
			isa = PBXNativeTarget;
			buildConfigurationList = E14DB6132482D5B0004D9E1B /* Build configuration list for PBXNativeTarget "gps1" */;
			buildPhases = (
				E14DB5E52482D5AE004D9E1B /* Sources */,
				E14DB5E62482D5AE004D9E1B /* Frameworks */,
				E14DB5E72482D5AE004D9E1B /* Resources */,
			);
			buildRules = (
			);
			dependencies = (
			);
			name = gps1;
			productName = gps1;
			productReference = E14DB5E92482D5AE004D9E1B /* gps1.app */;
			productType = "com.apple.product-type.application";
		};
		E14DB5FE2482D5AF004D9E1B /* gps1Tests */ = {
			isa = PBXNativeTarget;
			buildConfigurationList = E14DB6162482D5B0004D9E1B /* Build configuration list for PBXNativeTarget "gps1Tests" */;
			buildPhases = (
				E14DB5FB2482D5AF004D9E1B /* Sources */,
				E14DB5FC2482D5AF004D9E1B /* Frameworks */,
				E14DB5FD2482D5AF004D9E1B /* Resources */,
			);
			buildRules = (
			);
			dependencies = (
				E14DB6012482D5AF004D9E1B /* PBXTargetDependency */,
			);
			name = gps1Tests;
			productName = gps1Tests;
			productReference = E14DB5FF2482D5AF004D9E1B /* gps1Tests.xctest */;
			productType = "com.apple.product-type.bundle.unit-test";
		};
		E14DB6092482D5B0004D9E1B /* gps1UITests */ = {
			isa = PBXNativeTarget;
			buildConfigurationList = E14DB6192482D5B0004D9E1B /* Build configuration list for PBXNativeTarget "gps1UITests" */;
			buildPhases = (
				E14DB6062482D5B0004D9E1B /* Sources */,
				E14DB6072482D5B0004D9E1B /* Frameworks */,
				E14DB6082482D5B0004D9E1B /* Resources */,
			);
			buildRules = (
			);
			dependencies = (
				E14DB60C2482D5B0004D9E1B /* PBXTargetDependency */,
			);
			name = gps1UITests;
			productName = gps1UITests;
			productReference = E14DB60A2482D5B0004D9E1B /* gps1UITests.xctest */;
			productType = "com.apple.product-type.bundle.ui-testing";
		};
/* End PBXNativeTarget section */

/* Begin PBXProject section */
		E14DB5E12482D5AE004D9E1B /* Project object */ = {
			isa = PBXProject;
			attributes = {
				LastSwiftUpdateCheck = 1130;
				LastUpgradeCheck = 1130;
				ORGANIZATIONNAME = "Andreas Oscar Olsson";
				TargetAttributes = {
					E14DB5E82482D5AE004D9E1B = {
						CreatedOnToolsVersion = 11.3.1;
					};
					E14DB5FE2482D5AF004D9E1B = {
						CreatedOnToolsVersion = 11.3.1;
						TestTargetID = E14DB5E82482D5AE004D9E1B;
					};
					E14DB6092482D5B0004D9E1B = {
						CreatedOnToolsVersion = 11.3.1;
						TestTargetID = E14DB5E82482D5AE004D9E1B;
					};
				};
			};
			buildConfigurationList = E14DB5E42482D5AE004D9E1B /* Build configuration list for PBXProject "gps1" */;
			compatibilityVersion = "Xcode 9.3";
			developmentRegion = en;
			hasScannedForEncodings = 0;
			knownRegions = (
				en,
				Base,
			);
			mainGroup = E14DB5E02482D5AE004D9E1B;
			productRefGroup = E14DB5EA2482D5AE004D9E1B /* Products */;
			projectDirPath = "";
			projectRoot = "";
			targets = (
				E14DB5E82482D5AE004D9E1B /* gps1 */,
				E14DB5FE2482D5AF004D9E1B /* gps1Tests */,
				E14DB6092482D5B0004D9E1B /* gps1UITests */,
			);
		};
/* End PBXProject section */

/* Begin PBXResourcesBuildPhase section */
		E14DB5E72482D5AE004D9E1B /* Resources */ = {
			isa = PBXResourcesBuildPhase;
			buildActionMask = 2147483647;
			files = (
				E14DB5F92482D5AF004D9E1B /* LaunchScreen.storyboard in Resources */,
				E14DB5F62482D5AF004D9E1B /* Assets.xcassets in Resources */,
				E14DB5F42482D5AE004D9E1B /* Main.storyboard in Resources */,
			);
			runOnlyForDeploymentPostprocessing = 0;
		};
		E14DB5FD2482D5AF004D9E1B /* Resources */ = {
			isa = PBXResourcesBuildPhase;
			buildActionMask = 2147483647;
			files = (
			);
			runOnlyForDeploymentPostprocessing = 0;
		};
		E14DB6082482D5B0004D9E1B /* Resources */ = {
			isa = PBXResourcesBuildPhase;
			buildActionMask = 2147483647;
			files = (
			);
			runOnlyForDeploymentPostprocessing = 0;
		};
/* End PBXResourcesBuildPhase section */

/* Begin PBXSourcesBuildPhase section */
		E14DB5E52482D5AE004D9E1B /* Sources */ = {
			isa = PBXSourcesBuildPhase;
			buildActionMask = 2147483647;
			files = (
				E14DB5F12482D5AE004D9E1B /* ViewController.swift in Sources */,
				E14DB5ED2482D5AE004D9E1B /* AppDelegate.swift in Sources */,
				E14DB5EF2482D5AE004D9E1B /* SceneDelegate.swift in Sources */,
			);
			runOnlyForDeploymentPostprocessing = 0;
		};
		E14DB5FB2482D5AF004D9E1B /* Sources */ = {
			isa = PBXSourcesBuildPhase;
			buildActionMask = 2147483647;
			files = (
				E14DB6042482D5AF004D9E1B /* gps1Tests.swift in Sources */,
			);
			runOnlyForDeploymentPostprocessing = 0;
		};
		E14DB6062482D5B0004D9E1B /* Sources */ = {
			isa = PBXSourcesBuildPhase;
			buildActionMask = 2147483647;
			files = (
				E14DB60F2482D5B0004D9E1B /* gps1UITests.swift in Sources */,
			);
			runOnlyForDeploymentPostprocessing = 0;
		};
/* End PBXSourcesBuildPhase section */

/* Begin PBXTargetDependency section */
		E14DB6012482D5AF004D9E1B /* PBXTargetDependency */ = {
			isa = PBXTargetDependency;
			target = E14DB5E82482D5AE004D9E1B /* gps1 */;
			targetProxy = E14DB6002482D5AF004D9E1B /* PBXContainerItemProxy */;
		};
		E14DB60C2482D5B0004D9E1B /* PBXTargetDependency */ = {
			isa = PBXTargetDependency;
			target = E14DB5E82482D5AE004D9E1B /* gps1 */;
			targetProxy = E14DB60B2482D5B0004D9E1B /* PBXContainerItemProxy */;
		};
/* End PBXTargetDependency section */

/* Begin PBXVariantGroup section */
		E14DB5F22482D5AE004D9E1B /* Main.storyboard */ = {
			isa = PBXVariantGroup;
			children = (
				E14DB5F32482D5AE004D9E1B /* Base */,
			);
			name = Main.storyboard;
			sourceTree = "<group>";
		};
		E14DB5F72482D5AF004D9E1B /* LaunchScreen.storyboard */ = {
			isa = PBXVariantGroup;
			children = (
				E14DB5F82482D5AF004D9E1B /* Base */,
			);
			name = LaunchScreen.storyboard;
			sourceTree = "<group>";
		};
/* End PBXVariantGroup section */

/* Begin XCBuildConfiguration section */
		E14DB6112482D5B0004D9E1B /* Debug */ = {
			isa = XCBuildConfiguration;
			buildSettings = {
				ALWAYS_SEARCH_USER_PATHS = NO;
				CLANG_ANALYZER_NONNULL = YES;
				CLANG_ANALYZER_NUMBER_OBJECT_CONVERSION = YES_AGGRESSIVE;
				CLANG_CXX_LANGUAGE_STANDARD = "gnu++14";
				CLANG_CXX_LIBRARY = "libc++";
				CLANG_ENABLE_MODULES = YES;
				CLANG_ENABLE_OBJC_ARC = YES;
				CLANG_ENABLE_OBJC_WEAK = YES;
				CLANG_WARN_BLOCK_CAPTURE_AUTORELEASING = YES;
				CLANG_WARN_BOOL_CONVERSION = YES;
				CLANG_WARN_COMMA = YES;
				CLANG_WARN_CONSTANT_CONVERSION = YES;
				CLANG_WARN_DEPRECATED_OBJC_IMPLEMENTATIONS = YES;
				CLANG_WARN_DIRECT_OBJC_ISA_USAGE = YES_ERROR;
				CLANG_WARN_DOCUMENTATION_COMMENTS = YES;
				CLANG_WARN_EMPTY_BODY = YES;
				CLANG_WARN_ENUM_CONVERSION = YES;
				CLANG_WARN_INFINITE_RECURSION = YES;
				CLANG_WARN_INT_CONVERSION = YES;
				CLANG_WARN_NON_LITERAL_NULL_CONVERSION = YES;
				CLANG_WARN_OBJC_IMPLICIT_RETAIN_SELF = YES;
				CLANG_WARN_OBJC_LITERAL_CONVERSION = YES;
				CLANG_WARN_OBJC_ROOT_CLASS = YES_ERROR;
				CLANG_WARN_RANGE_LOOP_ANALYSIS = YES;
				CLANG_WARN_STRICT_PROTOTYPES = YES;
				CLANG_WARN_SUSPICIOUS_MOVE = YES;
				CLANG_WARN_UNGUARDED_AVAILABILITY = YES_AGGRESSIVE;
				CLANG_WARN_UNREACHABLE_CODE = YES;
				CLANG_WARN__DUPLICATE_METHOD_MATCH = YES;
				COPY_PHASE_STRIP = NO;
				DEBUG_INFORMATION_FORMAT = dwarf;
				ENABLE_STRICT_OBJC_MSGSEND = YES;
				ENABLE_TESTABILITY = YES;
				GCC_C_LANGUAGE_STANDARD = gnu11;
				GCC_DYNAMIC_NO_PIC = NO;
				GCC_NO_COMMON_BLOCKS = YES;
				GCC_OPTIMIZATION_LEVEL = 0;
				GCC_PREPROCESSOR_DEFINITIONS = (
					"DEBUG=1",
					"$(inherited)",
				);
				GCC_WARN_64_TO_32_BIT_CONVERSION = YES;
				GCC_WARN_ABOUT_RETURN_TYPE = YES_ERROR;
				GCC_WARN_UNDECLARED_SELECTOR = YES;
				GCC_WARN_UNINITIALIZED_AUTOS = YES_AGGRESSIVE;
				GCC_WARN_UNUSED_FUNCTION = YES;
				GCC_WARN_UNUSED_VARIABLE = YES;
				IPHONEOS_DEPLOYMENT_TARGET = 13.2;
				MTL_ENABLE_DEBUG_INFO = INCLUDE_SOURCE;
				MTL_FAST_MATH = YES;
				ONLY_ACTIVE_ARCH = YES;
				SDKROOT = iphoneos;
				SWIFT_ACTIVE_COMPILATION_CONDITIONS = DEBUG;
				SWIFT_OPTIMIZATION_LEVEL = "-Onone";
			};
			name = Debug;
		};
		E14DB6122482D5B0004D9E1B /* Release */ = {
			isa = XCBuildConfiguration;
			buildSettings = {
				ALWAYS_SEARCH_USER_PATHS = NO;
				CLANG_ANALYZER_NONNULL = YES;
				CLANG_ANALYZER_NUMBER_OBJECT_CONVERSION = YES_AGGRESSIVE;
				CLANG_CXX_LANGUAGE_STANDARD = "gnu++14";
				CLANG_CXX_LIBRARY = "libc++";
				CLANG_ENABLE_MODULES = YES;
				CLANG_ENABLE_OBJC_ARC = YES;
				CLANG_ENABLE_OBJC_WEAK = YES;
				CLANG_WARN_BLOCK_CAPTURE_AUTORELEASING = YES;
				CLANG_WARN_BOOL_CONVERSION = YES;
				CLANG_WARN_COMMA = YES;
				CLANG_WARN_CONSTANT_CONVERSION = YES;
				CLANG_WARN_DEPRECATED_OBJC_IMPLEMENTATIONS = YES;
				CLANG_WARN_DIRECT_OBJC_ISA_USAGE = YES_ERROR;
				CLANG_WARN_DOCUMENTATION_COMMENTS = YES;
				CLANG_WARN_EMPTY_BODY = YES;
				CLANG_WARN_ENUM_CONVERSION = YES;
				CLANG_WARN_INFINITE_RECURSION = YES;
				CLANG_WARN_INT_CONVERSION = YES;
				CLANG_WARN_NON_LITERAL_NULL_CONVERSION = YES;
				CLANG_WARN_OBJC_IMPLICIT_RETAIN_SELF = YES;
				CLANG_WARN_OBJC_LITERAL_CONVERSION = YES;
				CLANG_WARN_OBJC_ROOT_CLASS = YES_ERROR;
				CLANG_WARN_RANGE_LOOP_ANALYSIS = YES;
				CLANG_WARN_STRICT_PROTOTYPES = YES;
				CLANG_WARN_SUSPICIOUS_MOVE = YES;
				CLANG_WARN_UNGUARDED_AVAILABILITY = YES_AGGRESSIVE;
				CLANG_WARN_UNREACHABLE_CODE = YES;
				CLANG_WARN__DUPLICATE_METHOD_MATCH = YES;
				COPY_PHASE_STRIP = NO;
				DEBUG_INFORMATION_FORMAT = "dwarf-with-dsym";
				ENABLE_NS_ASSERTIONS = NO;
				ENABLE_STRICT_OBJC_MSGSEND = YES;
				GCC_C_LANGUAGE_STANDARD = gnu11;
				GCC_NO_COMMON_BLOCKS = YES;
				GCC_WARN_64_TO_32_BIT_CONVERSION = YES;
				GCC_WARN_ABOUT_RETURN_TYPE = YES_ERROR;
				GCC_WARN_UNDECLARED_SELECTOR = YES;
				GCC_WARN_UNINITIALIZED_AUTOS = YES_AGGRESSIVE;
				GCC_WARN_UNUSED_FUNCTION = YES;
				GCC_WARN_UNUSED_VARIABLE = YES;
				IPHONEOS_DEPLOYMENT_TARGET = 13.2;
				MTL_ENABLE_DEBUG_INFO = NO;
				MTL_FAST_MATH = YES;
				SDKROOT = iphoneos;
				SWIFT_COMPILATION_MODE = wholemodule;
				SWIFT_OPTIMIZATION_LEVEL = "-O";
				VALIDATE_PRODUCT = YES;
			};
			name = Release;
		};
		E14DB6142482D5B0004D9E1B /* Debug */ = {
			isa = XCBuildConfiguration;
			buildSettings = {
				ASSETCATALOG_COMPILER_APPICON_NAME = AppIcon;
				CODE_SIGN_STYLE = Automatic;
				DEVELOPMENT_TEAM = 9K6SA3M6LF;
				INFOPLIST_FILE = gps1/Info.plist;
				LD_RUNPATH_SEARCH_PATHS = (
					"$(inherited)",
					"@executable_path/Frameworks",
				);
				PRODUCT_BUNDLE_IDENTIFIER = asd.gps1;
				PRODUCT_NAME = "$(TARGET_NAME)";
				SWIFT_VERSION = 5.0;
				TARGETED_DEVICE_FAMILY = "1,2";
			};
			name = Debug;
		};
		E14DB6152482D5B0004D9E1B /* Release */ = {
			isa = XCBuildConfiguration;
			buildSettings = {
				ASSETCATALOG_COMPILER_APPICON_NAME = AppIcon;
				CODE_SIGN_STYLE = Automatic;
				DEVELOPMENT_TEAM = 9K6SA3M6LF;
				INFOPLIST_FILE = gps1/Info.plist;
				LD_RUNPATH_SEARCH_PATHS = (
					"$(inherited)",
					"@executable_path/Frameworks",
				);
				PRODUCT_BUNDLE_IDENTIFIER = asd.gps1;
				PRODUCT_NAME = "$(TARGET_NAME)";
				SWIFT_VERSION = 5.0;
				TARGETED_DEVICE_FAMILY = "1,2";
			};
			name = Release;
		};
		E14DB6172482D5B0004D9E1B /* Debug */ = {
			isa = XCBuildConfiguration;
			buildSettings = {
				ALWAYS_EMBED_SWIFT_STANDARD_LIBRARIES = YES;
				BUNDLE_LOADER = "$(TEST_HOST)";
				CODE_SIGN_STYLE = Automatic;
				INFOPLIST_FILE = gps1Tests/Info.plist;
				IPHONEOS_DEPLOYMENT_TARGET = 13.2;
				LD_RUNPATH_SEARCH_PATHS = (
					"$(inherited)",
					"@executable_path/Frameworks",
					"@loader_path/Frameworks",
				);
				PRODUCT_BUNDLE_IDENTIFIER = asd.gps1Tests;
				PRODUCT_NAME = "$(TARGET_NAME)";
				SWIFT_VERSION = 5.0;
				TARGETED_DEVICE_FAMILY = "1,2";
				TEST_HOST = "$(BUILT_PRODUCTS_DIR)/gps1.app/gps1";
			};
			name = Debug;
		};
		E14DB6182482D5B0004D9E1B /* Release */ = {
			isa = XCBuildConfiguration;
			buildSettings = {
				ALWAYS_EMBED_SWIFT_STANDARD_LIBRARIES = YES;
				BUNDLE_LOADER = "$(TEST_HOST)";
				CODE_SIGN_STYLE = Automatic;
				INFOPLIST_FILE = gps1Tests/Info.plist;
				IPHONEOS_DEPLOYMENT_TARGET = 13.2;
				LD_RUNPATH_SEARCH_PATHS = (
					"$(inherited)",
					"@executable_path/Frameworks",
					"@loader_path/Frameworks",
				);
				PRODUCT_BUNDLE_IDENTIFIER = asd.gps1Tests;
				PRODUCT_NAME = "$(TARGET_NAME)";
				SWIFT_VERSION = 5.0;
				TARGETED_DEVICE_FAMILY = "1,2";
				TEST_HOST = "$(BUILT_PRODUCTS_DIR)/gps1.app/gps1";
			};
			name = Release;
		};
		E14DB61A2482D5B0004D9E1B /* Debug */ = {
			isa = XCBuildConfiguration;
			buildSettings = {
				ALWAYS_EMBED_SWIFT_STANDARD_LIBRARIES = YES;
				CODE_SIGN_STYLE = Automatic;
				INFOPLIST_FILE = gps1UITests/Info.plist;
				LD_RUNPATH_SEARCH_PATHS = (
					"$(inherited)",
					"@executable_path/Frameworks",
					"@loader_path/Frameworks",
				);
				PRODUCT_BUNDLE_IDENTIFIER = asd.gps1UITests;
				PRODUCT_NAME = "$(TARGET_NAME)";
				SWIFT_VERSION = 5.0;
				TARGETED_DEVICE_FAMILY = "1,2";
				TEST_TARGET_NAME = gps1;
			};
			name = Debug;
		};
		E14DB61B2482D5B0004D9E1B /* Release */ = {
			isa = XCBuildConfiguration;
			buildSettings = {
				ALWAYS_EMBED_SWIFT_STANDARD_LIBRARIES = YES;
				CODE_SIGN_STYLE = Automatic;
				INFOPLIST_FILE = gps1UITests/Info.plist;
				LD_RUNPATH_SEARCH_PATHS = (
					"$(inherited)",
					"@executable_path/Frameworks",
					"@loader_path/Frameworks",
				);
				PRODUCT_BUNDLE_IDENTIFIER = asd.gps1UITests;
				PRODUCT_NAME = "$(TARGET_NAME)";
				SWIFT_VERSION = 5.0;
				TARGETED_DEVICE_FAMILY = "1,2";
				TEST_TARGET_NAME = gps1;
			};
			name = Release;
		};
/* End XCBuildConfiguration section */

/* Begin XCConfigurationList section */
		E14DB5E42482D5AE004D9E1B /* Build configuration list for PBXProject "gps1" */ = {
			isa = XCConfigurationList;
			buildConfigurations = (
				E14DB6112482D5B0004D9E1B /* Debug */,
				E14DB6122482D5B0004D9E1B /* Release */,
			);
			defaultConfigurationIsVisible = 0;
			defaultConfigurationName = Release;
		};
		E14DB6132482D5B0004D9E1B /* Build configuration list for PBXNativeTarget "gps1" */ = {
			isa = XCConfigurationList;
			buildConfigurations = (
				E14DB6142482D5B0004D9E1B /* Debug */,
				E14DB6152482D5B0004D9E1B /* Release */,
			);
			defaultConfigurationIsVisible = 0;
			defaultConfigurationName = Release;
		};
		E14DB6162482D5B0004D9E1B /* Build configuration list for PBXNativeTarget "gps1Tests" */ = {
			isa = XCConfigurationList;
			buildConfigurations = (
				E14DB6172482D5B0004D9E1B /* Debug */,
				E14DB6182482D5B0004D9E1B /* Release */,
			);
			defaultConfigurationIsVisible = 0;
			defaultConfigurationName = Release;
		};
		E14DB6192482D5B0004D9E1B /* Build configuration list for PBXNativeTarget "gps1UITests" */ = {
			isa = XCConfigurationList;
			buildConfigurations = (
				E14DB61A2482D5B0004D9E1B /* Debug */,
				E14DB61B2482D5B0004D9E1B /* Release */,
			);
			defaultConfigurationIsVisible = 0;
			defaultConfigurationName = Release;
		};
/* End XCConfigurationList section */
	};
	rootObject = E14DB5E12482D5AE004D9E1B /* Project object */;
}
