// !$*UTF8*$!
{
	archiveVersion = 1;
	classes = {
	};
	objectVersion = 50;
	objects = {

/* Begin PBXBuildFile section */
		E14DB62C2483D42C004D9E1B /* AppDelegate.swift in Sources */ = {isa = PBXBuildFile; fileRef = E14DB62B2483D42C004D9E1B /* AppDelegate.swift */; };
		E14DB62E2483D42C004D9E1B /* SceneDelegate.swift in Sources */ = {isa = PBXBuildFile; fileRef = E14DB62D2483D42C004D9E1B /* SceneDelegate.swift */; };
		E14DB6302483D42C004D9E1B /* ViewController.swift in Sources */ = {isa = PBXBuildFile; fileRef = E14DB62F2483D42C004D9E1B /* ViewController.swift */; };
		E14DB6332483D42C004D9E1B /* Main.storyboard in Resources */ = {isa = PBXBuildFile; fileRef = E14DB6312483D42C004D9E1B /* Main.storyboard */; };
		E14DB6352483D42D004D9E1B /* Assets.xcassets in Resources */ = {isa = PBXBuildFile; fileRef = E14DB6342483D42D004D9E1B /* Assets.xcassets */; };
		E14DB6382483D42D004D9E1B /* LaunchScreen.storyboard in Resources */ = {isa = PBXBuildFile; fileRef = E14DB6362483D42D004D9E1B /* LaunchScreen.storyboard */; };
		E14DB6432483D42D004D9E1B /* xyzsensorTests.swift in Sources */ = {isa = PBXBuildFile; fileRef = E14DB6422483D42D004D9E1B /* xyzsensorTests.swift */; };
		E14DB64E2483D42D004D9E1B /* xyzsensorUITests.swift in Sources */ = {isa = PBXBuildFile; fileRef = E14DB64D2483D42D004D9E1B /* xyzsensorUITests.swift */; };
/* End PBXBuildFile section */

/* Begin PBXContainerItemProxy section */
		E14DB63F2483D42D004D9E1B /* PBXContainerItemProxy */ = {
			isa = PBXContainerItemProxy;
			containerPortal = E14DB6202483D42C004D9E1B /* Project object */;
			proxyType = 1;
			remoteGlobalIDString = E14DB6272483D42C004D9E1B;
			remoteInfo = xyzsensor;
		};
		E14DB64A2483D42D004D9E1B /* PBXContainerItemProxy */ = {
			isa = PBXContainerItemProxy;
			containerPortal = E14DB6202483D42C004D9E1B /* Project object */;
			proxyType = 1;
			remoteGlobalIDString = E14DB6272483D42C004D9E1B;
			remoteInfo = xyzsensor;
		};
/* End PBXContainerItemProxy section */

/* Begin PBXFileReference section */
		E14DB6282483D42C004D9E1B /* xyzsensor.app */ = {isa = PBXFileReference; explicitFileType = wrapper.application; includeInIndex = 0; path = xyzsensor.app; sourceTree = BUILT_PRODUCTS_DIR; };
		E14DB62B2483D42C004D9E1B /* AppDelegate.swift */ = {isa = PBXFileReference; lastKnownFileType = sourcecode.swift; path = AppDelegate.swift; sourceTree = "<group>"; };
		E14DB62D2483D42C004D9E1B /* SceneDelegate.swift */ = {isa = PBXFileReference; lastKnownFileType = sourcecode.swift; path = SceneDelegate.swift; sourceTree = "<group>"; };
		E14DB62F2483D42C004D9E1B /* ViewController.swift */ = {isa = PBXFileReference; lastKnownFileType = sourcecode.swift; path = ViewController.swift; sourceTree = "<group>"; };
		E14DB6322483D42C004D9E1B /* Base */ = {isa = PBXFileReference; lastKnownFileType = file.storyboard; name = Base; path = Base.lproj/Main.storyboard; sourceTree = "<group>"; };
		E14DB6342483D42D004D9E1B /* Assets.xcassets */ = {isa = PBXFileReference; lastKnownFileType = folder.assetcatalog; path = Assets.xcassets; sourceTree = "<group>"; };
		E14DB6372483D42D004D9E1B /* Base */ = {isa = PBXFileReference; lastKnownFileType = file.storyboard; name = Base; path = Base.lproj/LaunchScreen.storyboard; sourceTree = "<group>"; };
		E14DB6392483D42D004D9E1B /* Info.plist */ = {isa = PBXFileReference; lastKnownFileType = text.plist.xml; path = Info.plist; sourceTree = "<group>"; };
		E14DB63E2483D42D004D9E1B /* xyzsensorTests.xctest */ = {isa = PBXFileReference; explicitFileType = wrapper.cfbundle; includeInIndex = 0; path = xyzsensorTests.xctest; sourceTree = BUILT_PRODUCTS_DIR; };
		E14DB6422483D42D004D9E1B /* xyzsensorTests.swift */ = {isa = PBXFileReference; lastKnownFileType = sourcecode.swift; path = xyzsensorTests.swift; sourceTree = "<group>"; };
		E14DB6442483D42D004D9E1B /* Info.plist */ = {isa = PBXFileReference; lastKnownFileType = text.plist.xml; path = Info.plist; sourceTree = "<group>"; };
		E14DB6492483D42D004D9E1B /* xyzsensorUITests.xctest */ = {isa = PBXFileReference; explicitFileType = wrapper.cfbundle; includeInIndex = 0; path = xyzsensorUITests.xctest; sourceTree = BUILT_PRODUCTS_DIR; };
		E14DB64D2483D42D004D9E1B /* xyzsensorUITests.swift */ = {isa = PBXFileReference; lastKnownFileType = sourcecode.swift; path = xyzsensorUITests.swift; sourceTree = "<group>"; };
		E14DB64F2483D42D004D9E1B /* Info.plist */ = {isa = PBXFileReference; lastKnownFileType = text.plist.xml; path = Info.plist; sourceTree = "<group>"; };
/* End PBXFileReference section */

/* Begin PBXFrameworksBuildPhase section */
		E14DB6252483D42C004D9E1B /* Frameworks */ = {
			isa = PBXFrameworksBuildPhase;
			buildActionMask = 2147483647;
			files = (
			);
			runOnlyForDeploymentPostprocessing = 0;
		};
		E14DB63B2483D42D004D9E1B /* Frameworks */ = {
			isa = PBXFrameworksBuildPhase;
			buildActionMask = 2147483647;
			files = (
			);
			runOnlyForDeploymentPostprocessing = 0;
		};
		E14DB6462483D42D004D9E1B /* Frameworks */ = {
			isa = PBXFrameworksBuildPhase;
			buildActionMask = 2147483647;
			files = (
			);
			runOnlyForDeploymentPostprocessing = 0;
		};
/* End PBXFrameworksBuildPhase section */

/* Begin PBXGroup section */
		E14DB61F2483D42C004D9E1B = {
			isa = PBXGroup;
			children = (
				E14DB62A2483D42C004D9E1B /* xyzsensor */,
				E14DB6412483D42D004D9E1B /* xyzsensorTests */,
				E14DB64C2483D42D004D9E1B /* xyzsensorUITests */,
				E14DB6292483D42C004D9E1B /* Products */,
			);
			sourceTree = "<group>";
		};
		E14DB6292483D42C004D9E1B /* Products */ = {
			isa = PBXGroup;
			children = (
				E14DB6282483D42C004D9E1B /* xyzsensor.app */,
				E14DB63E2483D42D004D9E1B /* xyzsensorTests.xctest */,
				E14DB6492483D42D004D9E1B /* xyzsensorUITests.xctest */,
			);
			name = Products;
			sourceTree = "<group>";
		};
		E14DB62A2483D42C004D9E1B /* xyzsensor */ = {
			isa = PBXGroup;
			children = (
				E14DB62B2483D42C004D9E1B /* AppDelegate.swift */,
				E14DB62D2483D42C004D9E1B /* SceneDelegate.swift */,
				E14DB62F2483D42C004D9E1B /* ViewController.swift */,
				E14DB6312483D42C004D9E1B /* Main.storyboard */,
				E14DB6342483D42D004D9E1B /* Assets.xcassets */,
				E14DB6362483D42D004D9E1B /* LaunchScreen.storyboard */,
				E14DB6392483D42D004D9E1B /* Info.plist */,
			);
			path = xyzsensor;
			sourceTree = "<group>";
		};
		E14DB6412483D42D004D9E1B /* xyzsensorTests */ = {
			isa = PBXGroup;
			children = (
				E14DB6422483D42D004D9E1B /* xyzsensorTests.swift */,
				E14DB6442483D42D004D9E1B /* Info.plist */,
			);
			path = xyzsensorTests;
			sourceTree = "<group>";
		};
		E14DB64C2483D42D004D9E1B /* xyzsensorUITests */ = {
			isa = PBXGroup;
			children = (
				E14DB64D2483D42D004D9E1B /* xyzsensorUITests.swift */,
				E14DB64F2483D42D004D9E1B /* Info.plist */,
			);
			path = xyzsensorUITests;
			sourceTree = "<group>";
		};
/* End PBXGroup section */

/* Begin PBXNativeTarget section */
		E14DB6272483D42C004D9E1B /* xyzsensor */ = {
			isa = PBXNativeTarget;
			buildConfigurationList = E14DB6522483D42D004D9E1B /* Build configuration list for PBXNativeTarget "xyzsensor" */;
			buildPhases = (
				E14DB6242483D42C004D9E1B /* Sources */,
				E14DB6252483D42C004D9E1B /* Frameworks */,
				E14DB6262483D42C004D9E1B /* Resources */,
			);
			buildRules = (
			);
			dependencies = (
			);
			name = xyzsensor;
			productName = xyzsensor;
			productReference = E14DB6282483D42C004D9E1B /* xyzsensor.app */;
			productType = "com.apple.product-type.application";
		};
		E14DB63D2483D42D004D9E1B /* xyzsensorTests */ = {
			isa = PBXNativeTarget;
			buildConfigurationList = E14DB6552483D42D004D9E1B /* Build configuration list for PBXNativeTarget "xyzsensorTests" */;
			buildPhases = (
				E14DB63A2483D42D004D9E1B /* Sources */,
				E14DB63B2483D42D004D9E1B /* Frameworks */,
				E14DB63C2483D42D004D9E1B /* Resources */,
			);
			buildRules = (
			);
			dependencies = (
				E14DB6402483D42D004D9E1B /* PBXTargetDependency */,
			);
			name = xyzsensorTests;
			productName = xyzsensorTests;
			productReference = E14DB63E2483D42D004D9E1B /* xyzsensorTests.xctest */;
			productType = "com.apple.product-type.bundle.unit-test";
		};
		E14DB6482483D42D004D9E1B /* xyzsensorUITests */ = {
			isa = PBXNativeTarget;
			buildConfigurationList = E14DB6582483D42D004D9E1B /* Build configuration list for PBXNativeTarget "xyzsensorUITests" */;
			buildPhases = (
				E14DB6452483D42D004D9E1B /* Sources */,
				E14DB6462483D42D004D9E1B /* Frameworks */,
				E14DB6472483D42D004D9E1B /* Resources */,
			);
			buildRules = (
			);
			dependencies = (
				E14DB64B2483D42D004D9E1B /* PBXTargetDependency */,
			);
			name = xyzsensorUITests;
			productName = xyzsensorUITests;
			productReference = E14DB6492483D42D004D9E1B /* xyzsensorUITests.xctest */;
			productType = "com.apple.product-type.bundle.ui-testing";
		};
/* End PBXNativeTarget section */

/* Begin PBXProject section */
		E14DB6202483D42C004D9E1B /* Project object */ = {
			isa = PBXProject;
			attributes = {
				LastSwiftUpdateCheck = 1130;
				LastUpgradeCheck = 1130;
				ORGANIZATIONNAME = "Andreas Oscar Olsson";
				TargetAttributes = {
					E14DB6272483D42C004D9E1B = {
						CreatedOnToolsVersion = 11.3.1;
					};
					E14DB63D2483D42D004D9E1B = {
						CreatedOnToolsVersion = 11.3.1;
						TestTargetID = E14DB6272483D42C004D9E1B;
					};
					E14DB6482483D42D004D9E1B = {
						CreatedOnToolsVersion = 11.3.1;
						TestTargetID = E14DB6272483D42C004D9E1B;
					};
				};
			};
			buildConfigurationList = E14DB6232483D42C004D9E1B /* Build configuration list for PBXProject "xyzsensor" */;
			compatibilityVersion = "Xcode 9.3";
			developmentRegion = en;
			hasScannedForEncodings = 0;
			knownRegions = (
				en,
				Base,
			);
			mainGroup = E14DB61F2483D42C004D9E1B;
			productRefGroup = E14DB6292483D42C004D9E1B /* Products */;
			projectDirPath = "";
			projectRoot = "";
			targets = (
				E14DB6272483D42C004D9E1B /* xyzsensor */,
				E14DB63D2483D42D004D9E1B /* xyzsensorTests */,
				E14DB6482483D42D004D9E1B /* xyzsensorUITests */,
			);
		};
/* End PBXProject section */

/* Begin PBXResourcesBuildPhase section */
		E14DB6262483D42C004D9E1B /* Resources */ = {
			isa = PBXResourcesBuildPhase;
			buildActionMask = 2147483647;
			files = (
				E14DB6382483D42D004D9E1B /* LaunchScreen.storyboard in Resources */,
				E14DB6352483D42D004D9E1B /* Assets.xcassets in Resources */,
				E14DB6332483D42C004D9E1B /* Main.storyboard in Resources */,
			);
			runOnlyForDeploymentPostprocessing = 0;
		};
		E14DB63C2483D42D004D9E1B /* Resources */ = {
			isa = PBXResourcesBuildPhase;
			buildActionMask = 2147483647;
			files = (
			);
			runOnlyForDeploymentPostprocessing = 0;
		};
		E14DB6472483D42D004D9E1B /* Resources */ = {
			isa = PBXResourcesBuildPhase;
			buildActionMask = 2147483647;
			files = (
			);
			runOnlyForDeploymentPostprocessing = 0;
		};
/* End PBXResourcesBuildPhase section */

/* Begin PBXSourcesBuildPhase section */
		E14DB6242483D42C004D9E1B /* Sources */ = {
			isa = PBXSourcesBuildPhase;
			buildActionMask = 2147483647;
			files = (
				E14DB6302483D42C004D9E1B /* ViewController.swift in Sources */,
				E14DB62C2483D42C004D9E1B /* AppDelegate.swift in Sources */,
				E14DB62E2483D42C004D9E1B /* SceneDelegate.swift in Sources */,
			);
			runOnlyForDeploymentPostprocessing = 0;
		};
		E14DB63A2483D42D004D9E1B /* Sources */ = {
			isa = PBXSourcesBuildPhase;
			buildActionMask = 2147483647;
			files = (
				E14DB6432483D42D004D9E1B /* xyzsensorTests.swift in Sources */,
			);
			runOnlyForDeploymentPostprocessing = 0;
		};
		E14DB6452483D42D004D9E1B /* Sources */ = {
			isa = PBXSourcesBuildPhase;
			buildActionMask = 2147483647;
			files = (
				E14DB64E2483D42D004D9E1B /* xyzsensorUITests.swift in Sources */,
			);
			runOnlyForDeploymentPostprocessing = 0;
		};
/* End PBXSourcesBuildPhase section */

/* Begin PBXTargetDependency section */
		E14DB6402483D42D004D9E1B /* PBXTargetDependency */ = {
			isa = PBXTargetDependency;
			target = E14DB6272483D42C004D9E1B /* xyzsensor */;
			targetProxy = E14DB63F2483D42D004D9E1B /* PBXContainerItemProxy */;
		};
		E14DB64B2483D42D004D9E1B /* PBXTargetDependency */ = {
			isa = PBXTargetDependency;
			target = E14DB6272483D42C004D9E1B /* xyzsensor */;
			targetProxy = E14DB64A2483D42D004D9E1B /* PBXContainerItemProxy */;
		};
/* End PBXTargetDependency section */

/* Begin PBXVariantGroup section */
		E14DB6312483D42C004D9E1B /* Main.storyboard */ = {
			isa = PBXVariantGroup;
			children = (
				E14DB6322483D42C004D9E1B /* Base */,
			);
			name = Main.storyboard;
			sourceTree = "<group>";
		};
		E14DB6362483D42D004D9E1B /* LaunchScreen.storyboard */ = {
			isa = PBXVariantGroup;
			children = (
				E14DB6372483D42D004D9E1B /* Base */,
			);
			name = LaunchScreen.storyboard;
			sourceTree = "<group>";
		};
/* End PBXVariantGroup section */

/* Begin XCBuildConfiguration section */
		E14DB6502483D42D004D9E1B /* Debug */ = {
			isa = XCBuildConfiguration;
			buildSettings = {
				ALWAYS_SEARCH_USER_PATHS = NO;
				CLANG_ANALYZER_NONNULL = YES;
				CLANG_ANALYZER_NUMBER_OBJECT_CONVERSION = YES_AGGRESSIVE;
				CLANG_CXX_LANGUAGE_STANDARD = "gnu++14";
				CLANG_CXX_LIBRARY = "libc++";
				CLANG_ENABLE_MODULES = YES;
				CLANG_ENABLE_OBJC_ARC = YES;
				CLANG_ENABLE_OBJC_WEAK = YES;
				CLANG_WARN_BLOCK_CAPTURE_AUTORELEASING = YES;
				CLANG_WARN_BOOL_CONVERSION = YES;
				CLANG_WARN_COMMA = YES;
				CLANG_WARN_CONSTANT_CONVERSION = YES;
				CLANG_WARN_DEPRECATED_OBJC_IMPLEMENTATIONS = YES;
				CLANG_WARN_DIRECT_OBJC_ISA_USAGE = YES_ERROR;
				CLANG_WARN_DOCUMENTATION_COMMENTS = YES;
				CLANG_WARN_EMPTY_BODY = YES;
				CLANG_WARN_ENUM_CONVERSION = YES;
				CLANG_WARN_INFINITE_RECURSION = YES;
				CLANG_WARN_INT_CONVERSION = YES;
				CLANG_WARN_NON_LITERAL_NULL_CONVERSION = YES;
				CLANG_WARN_OBJC_IMPLICIT_RETAIN_SELF = YES;
				CLANG_WARN_OBJC_LITERAL_CONVERSION = YES;
				CLANG_WARN_OBJC_ROOT_CLASS = YES_ERROR;
				CLANG_WARN_RANGE_LOOP_ANALYSIS = YES;
				CLANG_WARN_STRICT_PROTOTYPES = YES;
				CLANG_WARN_SUSPICIOUS_MOVE = YES;
				CLANG_WARN_UNGUARDED_AVAILABILITY = YES_AGGRESSIVE;
				CLANG_WARN_UNREACHABLE_CODE = YES;
				CLANG_WARN__DUPLICATE_METHOD_MATCH = YES;
				COPY_PHASE_STRIP = NO;
				DEBUG_INFORMATION_FORMAT = dwarf;
				ENABLE_STRICT_OBJC_MSGSEND = YES;
				ENABLE_TESTABILITY = YES;
				GCC_C_LANGUAGE_STANDARD = gnu11;
				GCC_DYNAMIC_NO_PIC = NO;
				GCC_NO_COMMON_BLOCKS = YES;
				GCC_OPTIMIZATION_LEVEL = 0;
				GCC_PREPROCESSOR_DEFINITIONS = (
					"DEBUG=1",
					"$(inherited)",
				);
				GCC_WARN_64_TO_32_BIT_CONVERSION = YES;
				GCC_WARN_ABOUT_RETURN_TYPE = YES_ERROR;
				GCC_WARN_UNDECLARED_SELECTOR = YES;
				GCC_WARN_UNINITIALIZED_AUTOS = YES_AGGRESSIVE;
				GCC_WARN_UNUSED_FUNCTION = YES;
				GCC_WARN_UNUSED_VARIABLE = YES;
				IPHONEOS_DEPLOYMENT_TARGET = 13.2;
				MTL_ENABLE_DEBUG_INFO = INCLUDE_SOURCE;
				MTL_FAST_MATH = YES;
				ONLY_ACTIVE_ARCH = YES;
				SDKROOT = iphoneos;
				SWIFT_ACTIVE_COMPILATION_CONDITIONS = DEBUG;
				SWIFT_OPTIMIZATION_LEVEL = "-Onone";
			};
			name = Debug;
		};
		E14DB6512483D42D004D9E1B /* Release */ = {
			isa = XCBuildConfiguration;
			buildSettings = {
				ALWAYS_SEARCH_USER_PATHS = NO;
				CLANG_ANALYZER_NONNULL = YES;
				CLANG_ANALYZER_NUMBER_OBJECT_CONVERSION = YES_AGGRESSIVE;
				CLANG_CXX_LANGUAGE_STANDARD = "gnu++14";
				CLANG_CXX_LIBRARY = "libc++";
				CLANG_ENABLE_MODULES = YES;
				CLANG_ENABLE_OBJC_ARC = YES;
				CLANG_ENABLE_OBJC_WEAK = YES;
				CLANG_WARN_BLOCK_CAPTURE_AUTORELEASING = YES;
				CLANG_WARN_BOOL_CONVERSION = YES;
				CLANG_WARN_COMMA = YES;
				CLANG_WARN_CONSTANT_CONVERSION = YES;
				CLANG_WARN_DEPRECATED_OBJC_IMPLEMENTATIONS = YES;
				CLANG_WARN_DIRECT_OBJC_ISA_USAGE = YES_ERROR;
				CLANG_WARN_DOCUMENTATION_COMMENTS = YES;
				CLANG_WARN_EMPTY_BODY = YES;
				CLANG_WARN_ENUM_CONVERSION = YES;
				CLANG_WARN_INFINITE_RECURSION = YES;
				CLANG_WARN_INT_CONVERSION = YES;
				CLANG_WARN_NON_LITERAL_NULL_CONVERSION = YES;
				CLANG_WARN_OBJC_IMPLICIT_RETAIN_SELF = YES;
				CLANG_WARN_OBJC_LITERAL_CONVERSION = YES;
				CLANG_WARN_OBJC_ROOT_CLASS = YES_ERROR;
				CLANG_WARN_RANGE_LOOP_ANALYSIS = YES;
				CLANG_WARN_STRICT_PROTOTYPES = YES;
				CLANG_WARN_SUSPICIOUS_MOVE = YES;
				CLANG_WARN_UNGUARDED_AVAILABILITY = YES_AGGRESSIVE;
				CLANG_WARN_UNREACHABLE_CODE = YES;
				CLANG_WARN__DUPLICATE_METHOD_MATCH = YES;
				COPY_PHASE_STRIP = NO;
				DEBUG_INFORMATION_FORMAT = "dwarf-with-dsym";
				ENABLE_NS_ASSERTIONS = NO;
				ENABLE_STRICT_OBJC_MSGSEND = YES;
				GCC_C_LANGUAGE_STANDARD = gnu11;
				GCC_NO_COMMON_BLOCKS = YES;
				GCC_WARN_64_TO_32_BIT_CONVERSION = YES;
				GCC_WARN_ABOUT_RETURN_TYPE = YES_ERROR;
				GCC_WARN_UNDECLARED_SELECTOR = YES;
				GCC_WARN_UNINITIALIZED_AUTOS = YES_AGGRESSIVE;
				GCC_WARN_UNUSED_FUNCTION = YES;
				GCC_WARN_UNUSED_VARIABLE = YES;
				IPHONEOS_DEPLOYMENT_TARGET = 13.2;
				MTL_ENABLE_DEBUG_INFO = NO;
				MTL_FAST_MATH = YES;
				SDKROOT = iphoneos;
				SWIFT_COMPILATION_MODE = wholemodule;
				SWIFT_OPTIMIZATION_LEVEL = "-O";
				VALIDATE_PRODUCT = YES;
			};
			name = Release;
		};
		E14DB6532483D42D004D9E1B /* Debug */ = {
			isa = XCBuildConfiguration;
			buildSettings = {
				ASSETCATALOG_COMPILER_APPICON_NAME = AppIcon;
				CODE_SIGN_STYLE = Automatic;
				DEVELOPMENT_TEAM = 9K6SA3M6LF;
				INFOPLIST_FILE = xyzsensor/Info.plist;
				LD_RUNPATH_SEARCH_PATHS = (
					"$(inherited)",
					"@executable_path/Frameworks",
				);
				PRODUCT_BUNDLE_IDENTIFIER = asd.xyzsensor;
				PRODUCT_NAME = "$(TARGET_NAME)";
				SWIFT_VERSION = 5.0;
				TARGETED_DEVICE_FAMILY = "1,2";
			};
			name = Debug;
		};
		E14DB6542483D42D004D9E1B /* Release */ = {
			isa = XCBuildConfiguration;
			buildSettings = {
				ASSETCATALOG_COMPILER_APPICON_NAME = AppIcon;
				CODE_SIGN_STYLE = Automatic;
				DEVELOPMENT_TEAM = 9K6SA3M6LF;
				INFOPLIST_FILE = xyzsensor/Info.plist;
				LD_RUNPATH_SEARCH_PATHS = (
					"$(inherited)",
					"@executable_path/Frameworks",
				);
				PRODUCT_BUNDLE_IDENTIFIER = asd.xyzsensor;
				PRODUCT_NAME = "$(TARGET_NAME)";
				SWIFT_VERSION = 5.0;
				TARGETED_DEVICE_FAMILY = "1,2";
			};
			name = Release;
		};
		E14DB6562483D42D004D9E1B /* Debug */ = {
			isa = XCBuildConfiguration;
			buildSettings = {
				ALWAYS_EMBED_SWIFT_STANDARD_LIBRARIES = YES;
				BUNDLE_LOADER = "$(TEST_HOST)";
				CODE_SIGN_STYLE = Automatic;
				DEVELOPMENT_TEAM = 9K6SA3M6LF;
				INFOPLIST_FILE = xyzsensorTests/Info.plist;
				IPHONEOS_DEPLOYMENT_TARGET = 13.2;
				LD_RUNPATH_SEARCH_PATHS = (
					"$(inherited)",
					"@executable_path/Frameworks",
					"@loader_path/Frameworks",
				);
				PRODUCT_BUNDLE_IDENTIFIER = asd.xyzsensorTests;
				PRODUCT_NAME = "$(TARGET_NAME)";
				SWIFT_VERSION = 5.0;
				TARGETED_DEVICE_FAMILY = "1,2";
				TEST_HOST = "$(BUILT_PRODUCTS_DIR)/xyzsensor.app/xyzsensor";
			};
			name = Debug;
		};
		E14DB6572483D42D004D9E1B /* Release */ = {
			isa = XCBuildConfiguration;
			buildSettings = {
				ALWAYS_EMBED_SWIFT_STANDARD_LIBRARIES = YES;
				BUNDLE_LOADER = "$(TEST_HOST)";
				CODE_SIGN_STYLE = Automatic;
				DEVELOPMENT_TEAM = 9K6SA3M6LF;
				INFOPLIST_FILE = xyzsensorTests/Info.plist;
				IPHONEOS_DEPLOYMENT_TARGET = 13.2;
				LD_RUNPATH_SEARCH_PATHS = (
					"$(inherited)",
					"@executable_path/Frameworks",
					"@loader_path/Frameworks",
				);
				PRODUCT_BUNDLE_IDENTIFIER = asd.xyzsensorTests;
				PRODUCT_NAME = "$(TARGET_NAME)";
				SWIFT_VERSION = 5.0;
				TARGETED_DEVICE_FAMILY = "1,2";
				TEST_HOST = "$(BUILT_PRODUCTS_DIR)/xyzsensor.app/xyzsensor";
			};
			name = Release;
		};
		E14DB6592483D42D004D9E1B /* Debug */ = {
			isa = XCBuildConfiguration;
			buildSettings = {
				ALWAYS_EMBED_SWIFT_STANDARD_LIBRARIES = YES;
				CODE_SIGN_STYLE = Automatic;
				DEVELOPMENT_TEAM = 9K6SA3M6LF;
				INFOPLIST_FILE = xyzsensorUITests/Info.plist;
				LD_RUNPATH_SEARCH_PATHS = (
					"$(inherited)",
					"@executable_path/Frameworks",
					"@loader_path/Frameworks",
				);
				PRODUCT_BUNDLE_IDENTIFIER = asd.xyzsensorUITests;
				PRODUCT_NAME = "$(TARGET_NAME)";
				SWIFT_VERSION = 5.0;
				TARGETED_DEVICE_FAMILY = "1,2";
				TEST_TARGET_NAME = xyzsensor;
			};
			name = Debug;
		};
		E14DB65A2483D42D004D9E1B /* Release */ = {
			isa = XCBuildConfiguration;
			buildSettings = {
				ALWAYS_EMBED_SWIFT_STANDARD_LIBRARIES = YES;
				CODE_SIGN_STYLE = Automatic;
				DEVELOPMENT_TEAM = 9K6SA3M6LF;
				INFOPLIST_FILE = xyzsensorUITests/Info.plist;
				LD_RUNPATH_SEARCH_PATHS = (
					"$(inherited)",
					"@executable_path/Frameworks",
					"@loader_path/Frameworks",
				);
				PRODUCT_BUNDLE_IDENTIFIER = asd.xyzsensorUITests;
				PRODUCT_NAME = "$(TARGET_NAME)";
				SWIFT_VERSION = 5.0;
				TARGETED_DEVICE_FAMILY = "1,2";
				TEST_TARGET_NAME = xyzsensor;
			};
			name = Release;
		};
/* End XCBuildConfiguration section */

/* Begin XCConfigurationList section */
		E14DB6232483D42C004D9E1B /* Build configuration list for PBXProject "xyzsensor" */ = {
			isa = XCConfigurationList;
			buildConfigurations = (
				E14DB6502483D42D004D9E1B /* Debug */,
				E14DB6512483D42D004D9E1B /* Release */,
			);
			defaultConfigurationIsVisible = 0;
			defaultConfigurationName = Release;
		};
		E14DB6522483D42D004D9E1B /* Build configuration list for PBXNativeTarget "xyzsensor" */ = {
			isa = XCConfigurationList;
			buildConfigurations = (
				E14DB6532483D42D004D9E1B /* Debug */,
				E14DB6542483D42D004D9E1B /* Release */,
			);
			defaultConfigurationIsVisible = 0;
			defaultConfigurationName = Release;
		};
		E14DB6552483D42D004D9E1B /* Build configuration list for PBXNativeTarget "xyzsensorTests" */ = {
			isa = XCConfigurationList;
			buildConfigurations = (
				E14DB6562483D42D004D9E1B /* Debug */,
				E14DB6572483D42D004D9E1B /* Release */,
			);
			defaultConfigurationIsVisible = 0;
			defaultConfigurationName = Release;
		};
		E14DB6582483D42D004D9E1B /* Build configuration list for PBXNativeTarget "xyzsensorUITests" */ = {
			isa = XCConfigurationList;
			buildConfigurations = (
				E14DB6592483D42D004D9E1B /* Debug */,
				E14DB65A2483D42D004D9E1B /* Release */,
			);
			defaultConfigurationIsVisible = 0;
			defaultConfigurationName = Release;
		};
/* End XCConfigurationList section */
	};
	rootObject = E14DB6202483D42C004D9E1B /* Project object */;
}
